// !$*UTF8*$!
{
	archiveVersion = 1;
	classes = {
	};
	objectVersion = 56;
	objects = {

/* Begin PBXBuildFile section */
		1C746A5C2AC9397A008F26FD /* ActivityExtension.swift in Sources */ = {isa = PBXBuildFile; fileRef = 1C746A5B2AC9397A008F26FD /* ActivityExtension.swift */; };
		1C8C1F5F2AC918810051DBFF /* ListItem.swift in Sources */ = {isa = PBXBuildFile; fileRef = 1C8C1F5E2AC918810051DBFF /* ListItem.swift */; };
		1C8C1F632AC936380051DBFF /* DataController.swift in Sources */ = {isa = PBXBuildFile; fileRef = 1C8C1F622AC936380051DBFF /* DataController.swift */; };
		1C8C1F662AC936F40051DBFF /* Habit_Tracker.xcdatamodeld in Sources */ = {isa = PBXBuildFile; fileRef = 1C8C1F642AC936F40051DBFF /* Habit_Tracker.xcdatamodeld */; };
		1C951E712AECBA3900140752 /* UIColorExtension.swift in Sources */ = {isa = PBXBuildFile; fileRef = 1C951E702AECBA3900140752 /* UIColorExtension.swift */; };
		1CC26CB12AC477A300DC158D /* ColorExtension.swift in Sources */ = {isa = PBXBuildFile; fileRef = 1CC26CB02AC477A300DC158D /* ColorExtension.swift */; };
		1CEB22B42AC8AABB009742A0 /* HabitCircle.swift in Sources */ = {isa = PBXBuildFile; fileRef = 1CEB22B32AC8AABB009742A0 /* HabitCircle.swift */; };
		1CEC17342AC25161004098FC /* Habit_TrackerApp.swift in Sources */ = {isa = PBXBuildFile; fileRef = 1CEC17332AC25161004098FC /* Habit_TrackerApp.swift */; };
		1CEC17362AC25161004098FC /* HabitsListView.swift in Sources */ = {isa = PBXBuildFile; fileRef = 1CEC17352AC25161004098FC /* HabitsListView.swift */; };
		1CEC17382AC25162004098FC /* Assets.xcassets in Resources */ = {isa = PBXBuildFile; fileRef = 1CEC17372AC25162004098FC /* Assets.xcassets */; };
		1CEC173B2AC25162004098FC /* Preview Assets.xcassets in Resources */ = {isa = PBXBuildFile; fileRef = 1CEC173A2AC25162004098FC /* Preview Assets.xcassets */; };
/* End PBXBuildFile section */

/* Begin PBXFileReference section */
		1C746A5B2AC9397A008F26FD /* ActivityExtension.swift */ = {isa = PBXFileReference; lastKnownFileType = sourcecode.swift; path = ActivityExtension.swift; sourceTree = "<group>"; };
		1C8C1F5E2AC918810051DBFF /* ListItem.swift */ = {isa = PBXFileReference; lastKnownFileType = sourcecode.swift; path = ListItem.swift; sourceTree = "<group>"; };
		1C8C1F622AC936380051DBFF /* DataController.swift */ = {isa = PBXFileReference; lastKnownFileType = sourcecode.swift; path = DataController.swift; sourceTree = "<group>"; };
		1C8C1F652AC936F40051DBFF /* Habit_Tracker.xcdatamodel */ = {isa = PBXFileReference; lastKnownFileType = wrapper.xcdatamodel; path = Habit_Tracker.xcdatamodel; sourceTree = "<group>"; };
		1C951E702AECBA3900140752 /* UIColorExtension.swift */ = {isa = PBXFileReference; lastKnownFileType = sourcecode.swift; path = UIColorExtension.swift; sourceTree = "<group>"; };
		1CC26CB02AC477A300DC158D /* ColorExtension.swift */ = {isa = PBXFileReference; lastKnownFileType = sourcecode.swift; path = ColorExtension.swift; sourceTree = "<group>"; };
		1CEB22B32AC8AABB009742A0 /* HabitCircle.swift */ = {isa = PBXFileReference; lastKnownFileType = sourcecode.swift; path = HabitCircle.swift; sourceTree = "<group>"; };
		1CEC17302AC25161004098FC /* Habit Tracker.app */ = {isa = PBXFileReference; explicitFileType = wrapper.application; includeInIndex = 0; path = "Habit Tracker.app"; sourceTree = BUILT_PRODUCTS_DIR; };
		1CEC17332AC25161004098FC /* Habit_TrackerApp.swift */ = {isa = PBXFileReference; lastKnownFileType = sourcecode.swift; path = Habit_TrackerApp.swift; sourceTree = "<group>"; };
		1CEC17352AC25161004098FC /* HabitsListView.swift */ = {isa = PBXFileReference; lastKnownFileType = sourcecode.swift; path = HabitsListView.swift; sourceTree = "<group>"; };
		1CEC17372AC25162004098FC /* Assets.xcassets */ = {isa = PBXFileReference; lastKnownFileType = folder.assetcatalog; path = Assets.xcassets; sourceTree = "<group>"; };
		1CEC173A2AC25162004098FC /* Preview Assets.xcassets */ = {isa = PBXFileReference; lastKnownFileType = folder.assetcatalog; path = "Preview Assets.xcassets"; sourceTree = "<group>"; };
/* End PBXFileReference section */

/* Begin PBXFrameworksBuildPhase section */
		1CEC172D2AC25161004098FC /* Frameworks */ = {
			isa = PBXFrameworksBuildPhase;
			buildActionMask = 2147483647;
			files = (
			);
			runOnlyForDeploymentPostprocessing = 0;
		};
/* End PBXFrameworksBuildPhase section */

/* Begin PBXGroup section */
		1CEC17272AC25161004098FC = {
			isa = PBXGroup;
			children = (
				1CEC17322AC25161004098FC /* Habit Tracker */,
				1CEC17312AC25161004098FC /* Products */,
			);
			sourceTree = "<group>";
		};
		1CEC17312AC25161004098FC /* Products */ = {
			isa = PBXGroup;
			children = (
				1CEC17302AC25161004098FC /* Habit Tracker.app */,
			);
			name = Products;
			sourceTree = "<group>";
		};
		1CEC17322AC25161004098FC /* Habit Tracker */ = {
			isa = PBXGroup;
			children = (
				1CEC17332AC25161004098FC /* Habit_TrackerApp.swift */,
				1CEC17352AC25161004098FC /* HabitsListView.swift */,
				1C8C1F622AC936380051DBFF /* DataController.swift */,
				1C8C1F642AC936F40051DBFF /* Habit_Tracker.xcdatamodeld */,
				1C8C1F5E2AC918810051DBFF /* ListItem.swift */,
				1C746A5B2AC9397A008F26FD /* ActivityExtension.swift */,
				1CEB22B32AC8AABB009742A0 /* HabitCircle.swift */,
				1C951E702AECBA3900140752 /* UIColorExtension.swift */,
				1CC26CB02AC477A300DC158D /* ColorExtension.swift */,
				1CEC17372AC25162004098FC /* Assets.xcassets */,
				1CEC17392AC25162004098FC /* Preview Content */,
			);
			path = "Habit Tracker";
			sourceTree = "<group>";
		};
		1CEC17392AC25162004098FC /* Preview Content */ = {
			isa = PBXGroup;
			children = (
				1CEC173A2AC25162004098FC /* Preview Assets.xcassets */,
			);
			path = "Preview Content";
			sourceTree = "<group>";
		};
/* End PBXGroup section */

/* Begin PBXNativeTarget section */
		1CEC172F2AC25161004098FC /* Habit Tracker */ = {
			isa = PBXNativeTarget;
			buildConfigurationList = 1CEC173E2AC25162004098FC /* Build configuration list for PBXNativeTarget "Habit Tracker" */;
			buildPhases = (
				1CEC172C2AC25161004098FC /* Sources */,
				1CEC172D2AC25161004098FC /* Frameworks */,
				1CEC172E2AC25161004098FC /* Resources */,
			);
			buildRules = (
			);
			dependencies = (
			);
			name = "Habit Tracker";
			productName = "Habit Tracker";
			productReference = 1CEC17302AC25161004098FC /* Habit Tracker.app */;
			productType = "com.apple.product-type.application";
		};
/* End PBXNativeTarget section */

/* Begin PBXProject section */
		1CEC17282AC25161004098FC /* Project object */ = {
			isa = PBXProject;
			attributes = {
				BuildIndependentTargetsInParallel = 1;
				LastSwiftUpdateCheck = 1500;
				LastUpgradeCheck = 1500;
				TargetAttributes = {
					1CEC172F2AC25161004098FC = {
						CreatedOnToolsVersion = 15.0;
					};
				};
			};
			buildConfigurationList = 1CEC172B2AC25161004098FC /* Build configuration list for PBXProject "Habit Tracker" */;
			compatibilityVersion = "Xcode 14.0";
			developmentRegion = en;
			hasScannedForEncodings = 0;
			knownRegions = (
				en,
				Base,
			);
			mainGroup = 1CEC17272AC25161004098FC;
			productRefGroup = 1CEC17312AC25161004098FC /* Products */;
			projectDirPath = "";
			projectRoot = "";
			targets = (
				1CEC172F2AC25161004098FC /* Habit Tracker */,
			);
		};
/* End PBXProject section */

/* Begin PBXResourcesBuildPhase section */
		1CEC172E2AC25161004098FC /* Resources */ = {
			isa = PBXResourcesBuildPhase;
			buildActionMask = 2147483647;
			files = (
				1CEC173B2AC25162004098FC /* Preview Assets.xcassets in Resources */,
				1CEC17382AC25162004098FC /* Assets.xcassets in Resources */,
			);
			runOnlyForDeploymentPostprocessing = 0;
		};
/* End PBXResourcesBuildPhase section */

/* Begin PBXSourcesBuildPhase section */
		1CEC172C2AC25161004098FC /* Sources */ = {
			isa = PBXSourcesBuildPhase;
			buildActionMask = 2147483647;
			files = (
				1C8C1F5F2AC918810051DBFF /* ListItem.swift in Sources */,
				1C8C1F632AC936380051DBFF /* DataController.swift in Sources */,
				1C8C1F662AC936F40051DBFF /* Habit_Tracker.xcdatamodeld in Sources */,
				1CEC17362AC25161004098FC /* HabitsListView.swift in Sources */,
				1C746A5C2AC9397A008F26FD /* ActivityExtension.swift in Sources */,
				1C951E712AECBA3900140752 /* UIColorExtension.swift in Sources */,
				1CEC17342AC25161004098FC /* Habit_TrackerApp.swift in Sources */,
				1CC26CB12AC477A300DC158D /* ColorExtension.swift in Sources */,
				1CEB22B42AC8AABB009742A0 /* HabitCircle.swift in Sources */,
			);
			runOnlyForDeploymentPostprocessing = 0;
		};
/* End PBXSourcesBuildPhase section */

/* Begin XCBuildConfiguration section */
		1CEC173C2AC25162004098FC /* Debug */ = {
			isa = XCBuildConfiguration;
			buildSettings = {
				ALWAYS_SEARCH_USER_PATHS = NO;
				ASSETCATALOG_COMPILER_GENERATE_SWIFT_ASSET_SYMBOL_EXTENSIONS = YES;
				CLANG_ANALYZER_NONNULL = YES;
				CLANG_ANALYZER_NUMBER_OBJECT_CONVERSION = YES_AGGRESSIVE;
				CLANG_CXX_LANGUAGE_STANDARD = "gnu++20";
				CLANG_ENABLE_MODULES = YES;
				CLANG_ENABLE_OBJC_ARC = YES;
				CLANG_ENABLE_OBJC_WEAK = YES;
				CLANG_WARN_BLOCK_CAPTURE_AUTORELEASING = YES;
				CLANG_WARN_BOOL_CONVERSION = YES;
				CLANG_WARN_COMMA = YES;
				CLANG_WARN_CONSTANT_CONVERSION = YES;
				CLANG_WARN_DEPRECATED_OBJC_IMPLEMENTATIONS = YES;
				CLANG_WARN_DIRECT_OBJC_ISA_USAGE = YES_ERROR;
				CLANG_WARN_DOCUMENTATION_COMMENTS = YES;
				CLANG_WARN_EMPTY_BODY = YES;
				CLANG_WARN_ENUM_CONVERSION = YES;
				CLANG_WARN_INFINITE_RECURSION = YES;
				CLANG_WARN_INT_CONVERSION = YES;
				CLANG_WARN_NON_LITERAL_NULL_CONVERSION = YES;
				CLANG_WARN_OBJC_IMPLICIT_RETAIN_SELF = YES;
				CLANG_WARN_OBJC_LITERAL_CONVERSION = YES;
				CLANG_WARN_OBJC_ROOT_CLASS = YES_ERROR;
				CLANG_WARN_QUOTED_INCLUDE_IN_FRAMEWORK_HEADER = YES;
				CLANG_WARN_RANGE_LOOP_ANALYSIS = YES;
				CLANG_WARN_STRICT_PROTOTYPES = YES;
				CLANG_WARN_SUSPICIOUS_MOVE = YES;
				CLANG_WARN_UNGUARDED_AVAILABILITY = YES_AGGRESSIVE;
				CLANG_WARN_UNREACHABLE_CODE = YES;
				CLANG_WARN__DUPLICATE_METHOD_MATCH = YES;
				COPY_PHASE_STRIP = NO;
				DEBUG_INFORMATION_FORMAT = dwarf;
				ENABLE_STRICT_OBJC_MSGSEND = YES;
				ENABLE_TESTABILITY = YES;
				ENABLE_USER_SCRIPT_SANDBOXING = YES;
				GCC_C_LANGUAGE_STANDARD = gnu17;
				GCC_DYNAMIC_NO_PIC = NO;
				GCC_NO_COMMON_BLOCKS = YES;
				GCC_OPTIMIZATION_LEVEL = 0;
				GCC_PREPROCESSOR_DEFINITIONS = (
					"DEBUG=1",
					"$(inherited)",
				);
				GCC_WARN_64_TO_32_BIT_CONVERSION = YES;
				GCC_WARN_ABOUT_RETURN_TYPE = YES_ERROR;
				GCC_WARN_UNDECLARED_SELECTOR = YES;
				GCC_WARN_UNINITIALIZED_AUTOS = YES_AGGRESSIVE;
				GCC_WARN_UNUSED_FUNCTION = YES;
				GCC_WARN_UNUSED_VARIABLE = YES;
				IPHONEOS_DEPLOYMENT_TARGET = 17.0;
				LOCALIZATION_PREFERS_STRING_CATALOGS = YES;
				MTL_ENABLE_DEBUG_INFO = INCLUDE_SOURCE;
				MTL_FAST_MATH = YES;
				ONLY_ACTIVE_ARCH = YES;
				SDKROOT = iphoneos;
				SWIFT_ACTIVE_COMPILATION_CONDITIONS = "DEBUG $(inherited)";
				SWIFT_OPTIMIZATION_LEVEL = "-Onone";
			};
			name = Debug;
		};
		1CEC173D2AC25162004098FC /* Release */ = {
			isa = XCBuildConfiguration;
			buildSettings = {
				ALWAYS_SEARCH_USER_PATHS = NO;
				ASSETCATALOG_COMPILER_GENERATE_SWIFT_ASSET_SYMBOL_EXTENSIONS = YES;
				CLANG_ANALYZER_NONNULL = YES;
				CLANG_ANALYZER_NUMBER_OBJECT_CONVERSION = YES_AGGRESSIVE;
				CLANG_CXX_LANGUAGE_STANDARD = "gnu++20";
				CLANG_ENABLE_MODULES = YES;
				CLANG_ENABLE_OBJC_ARC = YES;
				CLANG_ENABLE_OBJC_WEAK = YES;
				CLANG_WARN_BLOCK_CAPTURE_AUTORELEASING = YES;
				CLANG_WARN_BOOL_CONVERSION = YES;
				CLANG_WARN_COMMA = YES;
				CLANG_WARN_CONSTANT_CONVERSION = YES;
				CLANG_WARN_DEPRECATED_OBJC_IMPLEMENTATIONS = YES;
				CLANG_WARN_DIRECT_OBJC_ISA_USAGE = YES_ERROR;
				CLANG_WARN_DOCUMENTATION_COMMENTS = YES;
				CLANG_WARN_EMPTY_BODY = YES;
				CLANG_WARN_ENUM_CONVERSION = YES;
				CLANG_WARN_INFINITE_RECURSION = YES;
				CLANG_WARN_INT_CONVERSION = YES;
				CLANG_WARN_NON_LITERAL_NULL_CONVERSION = YES;
				CLANG_WARN_OBJC_IMPLICIT_RETAIN_SELF = YES;
				CLANG_WARN_OBJC_LITERAL_CONVERSION = YES;
				CLANG_WARN_OBJC_ROOT_CLASS = YES_ERROR;
				CLANG_WARN_QUOTED_INCLUDE_IN_FRAMEWORK_HEADER = YES;
				CLANG_WARN_RANGE_LOOP_ANALYSIS = YES;
				CLANG_WARN_STRICT_PROTOTYPES = YES;
				CLANG_WARN_SUSPICIOUS_MOVE = YES;
				CLANG_WARN_UNGUARDED_AVAILABILITY = YES_AGGRESSIVE;
				CLANG_WARN_UNREACHABLE_CODE = YES;
				CLANG_WARN__DUPLICATE_METHOD_MATCH = YES;
				COPY_PHASE_STRIP = NO;
				DEBUG_INFORMATION_FORMAT = "dwarf-with-dsym";
				ENABLE_NS_ASSERTIONS = NO;
				ENABLE_STRICT_OBJC_MSGSEND = YES;
				ENABLE_USER_SCRIPT_SANDBOXING = YES;
				GCC_C_LANGUAGE_STANDARD = gnu17;
				GCC_NO_COMMON_BLOCKS = YES;
				GCC_WARN_64_TO_32_BIT_CONVERSION = YES;
				GCC_WARN_ABOUT_RETURN_TYPE = YES_ERROR;
				GCC_WARN_UNDECLARED_SELECTOR = YES;
				GCC_WARN_UNINITIALIZED_AUTOS = YES_AGGRESSIVE;
				GCC_WARN_UNUSED_FUNCTION = YES;
				GCC_WARN_UNUSED_VARIABLE = YES;
				IPHONEOS_DEPLOYMENT_TARGET = 17.0;
				LOCALIZATION_PREFERS_STRING_CATALOGS = YES;
				MTL_ENABLE_DEBUG_INFO = NO;
				MTL_FAST_MATH = YES;
				SDKROOT = iphoneos;
				SWIFT_COMPILATION_MODE = wholemodule;
				VALIDATE_PRODUCT = YES;
			};
			name = Release;
		};
		1CEC173F2AC25162004098FC /* Debug */ = {
			isa = XCBuildConfiguration;
			buildSettings = {
				ASSETCATALOG_COMPILER_APPICON_NAME = AppIcon;
				ASSETCATALOG_COMPILER_GLOBAL_ACCENT_COLOR_NAME = AccentColor;
				CODE_SIGN_STYLE = Automatic;
				CURRENT_PROJECT_VERSION = 1;
				DEVELOPMENT_ASSET_PATHS = "\"Habit Tracker/Preview Content\"";
				DEVELOPMENT_TEAM = N6Z4JM7JL8;
				ENABLE_PREVIEWS = YES;
				GENERATE_INFOPLIST_FILE = YES;
				INFOPLIST_KEY_UIApplicationSceneManifest_Generation = YES;
				INFOPLIST_KEY_UIApplicationSupportsIndirectInputEvents = YES;
				INFOPLIST_KEY_UILaunchScreen_Generation = YES;
				INFOPLIST_KEY_UISupportedInterfaceOrientations_iPad = "UIInterfaceOrientationPortrait UIInterfaceOrientationPortraitUpsideDown UIInterfaceOrientationLandscapeLeft UIInterfaceOrientationLandscapeRight";
				INFOPLIST_KEY_UISupportedInterfaceOrientations_iPhone = "UIInterfaceOrientationPortrait UIInterfaceOrientationLandscapeLeft UIInterfaceOrientationLandscapeRight";
				LD_RUNPATH_SEARCH_PATHS = (
					"$(inherited)",
					"@executable_path/Frameworks",
				);
				MARKETING_VERSION = 1.0;
				PRODUCT_BUNDLE_IDENTIFIER = "com.Lalith-Shravan.Guruprasad.Habit-Tracker";
				PRODUCT_NAME = "$(TARGET_NAME)";
				SWIFT_EMIT_LOC_STRINGS = YES;
				SWIFT_VERSION = 5.0;
				TARGETED_DEVICE_FAMILY = "1,2";
			};
			name = Debug;
		};
		1CEC17402AC25162004098FC /* Release */ = {
			isa = XCBuildConfiguration;
			buildSettings = {
				ASSETCATALOG_COMPILER_APPICON_NAME = AppIcon;
				ASSETCATALOG_COMPILER_GLOBAL_ACCENT_COLOR_NAME = AccentColor;
				CODE_SIGN_STYLE = Automatic;
				CURRENT_PROJECT_VERSION = 1;
				DEVELOPMENT_ASSET_PATHS = "\"Habit Tracker/Preview Content\"";
				DEVELOPMENT_TEAM = N6Z4JM7JL8;
				ENABLE_PREVIEWS = YES;
				GENERATE_INFOPLIST_FILE = YES;
				INFOPLIST_KEY_UIApplicationSceneManifest_Generation = YES;
				INFOPLIST_KEY_UIApplicationSupportsIndirectInputEvents = YES;
				INFOPLIST_KEY_UILaunchScreen_Generation = YES;
				INFOPLIST_KEY_UISupportedInterfaceOrientations_iPad = "UIInterfaceOrientationPortrait UIInterfaceOrientationPortraitUpsideDown UIInterfaceOrientationLandscapeLeft UIInterfaceOrientationLandscapeRight";
				INFOPLIST_KEY_UISupportedInterfaceOrientations_iPhone = "UIInterfaceOrientationPortrait UIInterfaceOrientationLandscapeLeft UIInterfaceOrientationLandscapeRight";
				LD_RUNPATH_SEARCH_PATHS = (
					"$(inherited)",
					"@executable_path/Frameworks",
				);
				MARKETING_VERSION = 1.0;
				PRODUCT_BUNDLE_IDENTIFIER = "com.Lalith-Shravan.Guruprasad.Habit-Tracker";
				PRODUCT_NAME = "$(TARGET_NAME)";
				SWIFT_EMIT_LOC_STRINGS = YES;
				SWIFT_VERSION = 5.0;
				TARGETED_DEVICE_FAMILY = "1,2";
			};
			name = Release;
		};
/* End XCBuildConfiguration section */

/* Begin XCConfigurationList section */
		1CEC172B2AC25161004098FC /* Build configuration list for PBXProject "Habit Tracker" */ = {
			isa = XCConfigurationList;
			buildConfigurations = (
				1CEC173C2AC25162004098FC /* Debug */,
				1CEC173D2AC25162004098FC /* Release */,
			);
			defaultConfigurationIsVisible = 0;
			defaultConfigurationName = Release;
		};
		1CEC173E2AC25162004098FC /* Build configuration list for PBXNativeTarget "Habit Tracker" */ = {
			isa = XCConfigurationList;
			buildConfigurations = (
				1CEC173F2AC25162004098FC /* Debug */,
				1CEC17402AC25162004098FC /* Release */,
			);
			defaultConfigurationIsVisible = 0;
			defaultConfigurationName = Release;
		};
/* End XCConfigurationList section */

/* Begin XCVersionGroup section */
		1C8C1F642AC936F40051DBFF /* Habit_Tracker.xcdatamodeld */ = {
			isa = XCVersionGroup;
			children = (
				1C8C1F652AC936F40051DBFF /* Habit_Tracker.xcdatamodel */,
			);
			currentVersion = 1C8C1F652AC936F40051DBFF /* Habit_Tracker.xcdatamodel */;
			path = Habit_Tracker.xcdatamodeld;
			sourceTree = "<group>";
			versionGroupType = wrapper.xcdatamodel;
		};
/* End XCVersionGroup section */
	};
	rootObject = 1CEC17282AC25161004098FC /* Project object */;
}
